
Microsoft Visual Studio Solution File, Format Version 12.00
Project("{FAE04EC0-301F-11D3-BF4B-00C04F79EFBC}") = "examLinq", "examLinq\examLinq.csproj", "{60BAD091-7CEC-4D2A-B187-FFAA0E851505}"
EndProject
Project("{FAE04EC0-301F-11D3-BF4B-00C04F79EFBC}") = "examModel", "examModel\examModel.csproj", "{D906F0B7-4AED-43C5-8BEC-7BD9C9267555}"
EndProject
Global
	GlobalSection(SolutionConfigurationPlatforms) = preSolution
		Debug|Any CPU = Debug|Any CPU
		Release|Any CPU = Release|Any CPU
	EndGlobalSection
	GlobalSection(ProjectConfigurationPlatforms) = postSolution
		{60BAD091-7CEC-4D2A-B187-FFAA0E851505}.Debug|Any CPU.ActiveCfg = Debug|Any CPU
		{60BAD091-7CEC-4D2A-B187-FFAA0E851505}.Debug|Any CPU.Build.0 = Debug|Any CPU
		{60BAD091-7CEC-4D2A-B187-FFAA0E851505}.Release|Any CPU.ActiveCfg = Release|Any CPU
		{60BAD091-7CEC-4D2A-B187-FFAA0E851505}.Release|Any CPU.Build.0 = Release|Any CPU
		{D906F0B7-4AED-43C5-8BEC-7BD9C9267555}.Debug|Any CPU.ActiveCfg = Debug|Any CPU
		{D906F0B7-4AED-43C5-8BEC-7BD9C9267555}.Debug|Any CPU.Build.0 = Debug|Any CPU
		{D906F0B7-4AED-43C5-8BEC-7BD9C9267555}.Release|Any CPU.ActiveCfg = Release|Any CPU
		{D906F0B7-4AED-43C5-8BEC-7BD9C9267555}.Release|Any CPU.Build.0 = Release|Any CPU
	EndGlobalSection
EndGlobal
